
Microsoft Visual Studio Solution File, Format Version 12.00
# Visual Studio Version 17
VisualStudioVersion = 17.5.33414.496
MinimumVisualStudioVersion = 10.0.40219.1
Project("{FAE04EC0-301F-11D3-BF4B-00C04F79EFBC}") = "Task_2", "Task_2\Task_2.csproj", "{E14831B7-179A-43BB-ADA7-D115BCE690D0}"
EndProject
Global
	GlobalSection(SolutionConfigurationPlatforms) = preSolution
		Debug|Any CPU = Debug|Any CPU
		Release|Any CPU = Release|Any CPU
	EndGlobalSection
	GlobalSection(ProjectConfigurationPlatforms) = postSolution
		{E14831B7-179A-43BB-ADA7-D115BCE690D0}.Debug|Any CPU.ActiveCfg = Debug|Any CPU
		{E14831B7-179A-43BB-ADA7-D115BCE690D0}.Debug|Any CPU.Build.0 = Debug|Any CPU
		{E14831B7-179A-43BB-ADA7-D115BCE690D0}.Release|Any CPU.ActiveCfg = Release|Any CPU
		{E14831B7-179A-43BB-ADA7-D115BCE690D0}.Release|Any CPU.Build.0 = Release|Any CPU
	EndGlobalSection
	GlobalSection(SolutionProperties) = preSolution
		HideSolutionNode = FALSE
	EndGlobalSection
	GlobalSection(ExtensibilityGlobals) = postSolution
		SolutionGuid = {214859CF-72A8-4172-80C1-279521D462C1}
	EndGlobalSection
EndGlobal
