
Microsoft Visual Studio Solution File, Format Version 12.00
# Visual Studio Version 17
VisualStudioVersion = 17.5.33414.496
MinimumVisualStudioVersion = 10.0.40219.1
Project("{FAE04EC0-301F-11D3-BF4B-00C04F79EFBC}") = "Class03_Exercises_4_and_5", "Class03_Exercise_4\Class03_Exercises_4_and_5.csproj", "{F32CDFFA-9849-4350-80A4-BB43F7CBA10A}"
EndProject
Global
	GlobalSection(SolutionConfigurationPlatforms) = preSolution
		Debug|Any CPU = Debug|Any CPU
		Release|Any CPU = Release|Any CPU
	EndGlobalSection
	GlobalSection(ProjectConfigurationPlatforms) = postSolution
		{F32CDFFA-9849-4350-80A4-BB43F7CBA10A}.Debug|Any CPU.ActiveCfg = Debug|Any CPU
		{F32CDFFA-9849-4350-80A4-BB43F7CBA10A}.Debug|Any CPU.Build.0 = Debug|Any CPU
		{F32CDFFA-9849-4350-80A4-BB43F7CBA10A}.Release|Any CPU.ActiveCfg = Release|Any CPU
		{F32CDFFA-9849-4350-80A4-BB43F7CBA10A}.Release|Any CPU.Build.0 = Release|Any CPU
	EndGlobalSection
	GlobalSection(SolutionProperties) = preSolution
		HideSolutionNode = FALSE
	EndGlobalSection
	GlobalSection(ExtensibilityGlobals) = postSolution
		SolutionGuid = {B216E397-DF26-4596-BF41-0075F8BA7E25}
	EndGlobalSection
EndGlobal
